summary: flock(1) locks files
webpage: https://github.com/discoteq/flock
version: 0.4.0 
bin-url: https://github.com/leleliu008/uppm-package-repository-openbsd-7.4-amd64/releases/download/2025.07.25/flock-0.4.0-openbsd-7.4-amd64.release.tar.xz 
bin-sha: d4941cd0781b92cf16f2312c6099fd7a58c93d8da88dc6af95281331b516ea3f
